github.com/aznaqCre18/go-say-hello v1.0.1 h1:mhQO8MTen5Kb2VUiZb9z621mwTKxyT6cCPRc0SrKQ/g=
github.com/aznaqCre18/go-say-hello v1.0.1/go.mod h1:k0CZp6QLvQ8EIZs1yUEE4cYyIRYVTyuql2PIS+fj4Hc=
github.com/aznaqCre18/go-say-hello v1.2.0 h1:JqrtWveP8EZduj1lcM9V0NdCRMTebh/U8i3SNIwjdjk=
github.com/aznaqCre18/go-say-hello v1.2.0/go.mod h1:k0CZp6QLvQ8EIZs1yUEE4cYyIRYVTyuql2PIS+fj4Hc=
github.com/aznaqCre18/go-say-hello/v2 v2.0.1 h1:KK/7GZ8+w0mFQmE986073oyc8+wh72cgGrvbt0EybyM=
github.com/aznaqCre18/go-say-hello/v2 v2.0.1/go.mod h1:/ZrC8xMcMg5oqSNGX+mAKKitZxxD/8baf2vt5xqe/ZY=
